
Microsoft Visual Studio Solution File, Format Version 12.00
# Visual Studio Version 17
VisualStudioVersion = 17.10.34707.107
MinimumVisualStudioVersion = 10.0.40219.1
Project("{FAE04EC0-301F-11D3-BF4B-00C04F79EFBC}") = "Library", "Library.csproj", "{A24664E8-8E8D-4064-B1C7-98C0EB125629}"
EndProject
Global
	GlobalSection(SolutionConfigurationPlatforms) = preSolution
		Debug|Any CPU = Debug|Any CPU
		Release|Any CPU = Release|Any CPU
	EndGlobalSection
	GlobalSection(ProjectConfigurationPlatforms) = postSolution
		{A24664E8-8E8D-4064-B1C7-98C0EB125629}.Debug|Any CPU.ActiveCfg = Debug|Any CPU
		{A24664E8-8E8D-4064-B1C7-98C0EB125629}.Debug|Any CPU.Build.0 = Debug|Any CPU
		{A24664E8-8E8D-4064-B1C7-98C0EB125629}.Release|Any CPU.ActiveCfg = Release|Any CPU
		{A24664E8-8E8D-4064-B1C7-98C0EB125629}.Release|Any CPU.Build.0 = Release|Any CPU
	EndGlobalSection
	GlobalSection(SolutionProperties) = preSolution
		HideSolutionNode = FALSE
	EndGlobalSection
	GlobalSection(ExtensibilityGlobals) = postSolution
		SolutionGuid = {EFDEF831-C790-4CF7-8BC8-5DE02BD5975C}
	EndGlobalSection
EndGlobal
